
Microsoft Visual Studio Solution File, Format Version 12.00
# Visual Studio Version 17
VisualStudioVersion = 17.7.34031.279
MinimumVisualStudioVersion = 10.0.40219.1
Project("{FAE04EC0-301F-11D3-BF4B-00C04F79EFBC}") = "Test", "Test\Test.csproj", "{D931EF42-573F-488E-A2F3-B7D92B895EE0}"
EndProject
Global
	GlobalSection(SolutionConfigurationPlatforms) = preSolution
		Debug|Any CPU = Debug|Any CPU
		Release|Any CPU = Release|Any CPU
	EndGlobalSection
	GlobalSection(ProjectConfigurationPlatforms) = postSolution
		{D931EF42-573F-488E-A2F3-B7D92B895EE0}.Debug|Any CPU.ActiveCfg = Debug|Any CPU
		{D931EF42-573F-488E-A2F3-B7D92B895EE0}.Debug|Any CPU.Build.0 = Debug|Any CPU
		{D931EF42-573F-488E-A2F3-B7D92B895EE0}.Release|Any CPU.ActiveCfg = Release|Any CPU
		{D931EF42-573F-488E-A2F3-B7D92B895EE0}.Release|Any CPU.Build.0 = Release|Any CPU
	EndGlobalSection
	GlobalSection(SolutionProperties) = preSolution
		HideSolutionNode = FALSE
	EndGlobalSection
	GlobalSection(ExtensibilityGlobals) = postSolution
		SolutionGuid = {F75FCD67-E27D-4A51-8047-85C4E487FB0E}
	EndGlobalSection
EndGlobal
